# This file is automatically @generated by Poetry 2.2.1 and should not be changed by hand.

[[package]]
name = "aiofiles"
version = "25.1.0"
description = "File support for asyncio."
optional = false
python-versions = ">=3.9"
groups = ["main"]
files = [
    {file = "aiofiles-25.1.0-py3-none-any.whl", hash = "sha256:abe311e527c862958650f9438e859c1fa7568a141b22abcd015e120e86a85695"},
    {file = "aiofiles-25.1.0.tar.gz", hash = "sha256:a8d728f0a29de45dc521f18f07297428d56992a742f0cd2701ba86e44d23d5b2"},
]

[[package]]
name = "anyio"
version = "4.4.0"
description = "High level compatibility layer for multiple asynchronous event loop implementations"
optional = false
python-versions = ">=3.8"
groups = ["main"]
files = [
    {file = "anyio-4.4.0-py3-none-any.whl", hash = "sha256:c1b2d8f46a8a812513012e1107cb0e68c17159a7a594208005a57dc776e1bdc7"},
    {file = "anyio-4.4.0.tar.gz", hash = "sha256:5aadc6a1bbb7cdb0bede386cac5e2940f5e2ff3aa20277e991cf028e0585ce94"},
]

[package.dependencies]
exceptiongroup = {version = ">=1.0.2", markers = "python_version < \"3.11\""}
idna = ">=2.8"
sniffio = ">=1.1"
typing-extensions = {version = ">=4.1", markers = "python_version < \"3.11\""}

[package.extras]
doc = ["Sphinx (>=7)", "packaging", "sphinx-autodoc-typehints (>=1.2.0)", "sphinx-rtd-theme"]
test = ["anyio[trio]", "coverage[toml] (>=7)", "exceptiongroup (>=1.2.0)", "hypothesis (>=4.0)", "psutil (>=5.9)", "pytest (>=7.0)", "pytest-mock (>=3.6.1)", "trustme", "uvloop (>=0.17) ; platform_python_implementation == \"CPython\" and platform_system != \"Windows\""]
trio = ["trio (>=0.23)"]

[[package]]
name = "astor"
version = "0.8.1"
description = "Read/rewrite/write Python ASTs"
optional = false
python-versions = "!=3.0.*,!=3.1.*,!=3.2.*,!=3.3.*,>=2.7"
groups = ["dev"]
files = [
    {file = "astor-0.8.1-py2.py3-none-any.whl", hash = "sha256:070a54e890cefb5b3739d19f30f5a5ec840ffc9c50ffa7d23cc9fc1a38ebbfc5"},
    {file = "astor-0.8.1.tar.gz", hash = "sha256:6a6effda93f4e1ce9f618779b2dd1d9d84f1e32812c23a29b3fff6fd7f63fa5e"},
]

[[package]]
name = "attrs"
version = "23.2.0"
description = "Classes Without Boilerplate"
optional = false
python-versions = ">=3.7"
groups = ["dev"]
files = [
    {file = "attrs-23.2.0-py3-none-any.whl", hash = "sha256:99b87a485a5820b23b879f04c2305b44b951b502fd64be915879d77a7e8fc6f1"},
    {file = "attrs-23.2.0.tar.gz", hash = "sha256:935dc3b529c262f6cf76e50877d35a4bd3c1de194fd41f47a2b7ae8f19971f30"},
]

[package.extras]
cov = ["attrs[tests]", "coverage[toml] (>=5.3)"]
dev = ["attrs[tests]", "pre-commit"]
docs = ["furo", "myst-parser", "sphinx", "sphinx-notfound-page", "sphinxcontrib-towncrier", "towncrier", "zope-interface"]
tests = ["attrs[tests-no-zope]", "zope-interface"]
tests-mypy = ["mypy (>=1.6) ; platform_python_implementation == \"CPython\" and python_version >= \"3.8\"", "pytest-mypy-plugins ; platform_python_implementation == \"CPython\" and python_version >= \"3.8\""]
tests-no-zope = ["attrs[tests-mypy]", "cloudpickle ; platform_python_implementation == \"CPython\"", "hypothesis", "pympler", "pytest (>=4.3.0)", "pytest-xdist[psutil]"]

[[package]]
name = "black"
version = "26.1.0"
description = "The uncompromising code formatter."
optional = false
python-versions = ">=3.10"
groups = ["dev"]
files = [
    {file = "black-26.1.0-cp310-cp310-macosx_10_9_x86_64.whl", hash = "sha256:ca699710dece84e3ebf6e92ee15f5b8f72870ef984bf944a57a777a48357c168"},
    {file = "black-26.1.0-cp310-cp310-macosx_11_0_arm64.whl", hash = "sha256:5e8e75dabb6eb83d064b0db46392b25cabb6e784ea624219736e8985a6b3675d"},
    {file = "black-26.1.0-cp310-cp310-manylinux2014_x86_64.manylinux_2_17_x86_64.manylinux_2_28_x86_64.whl", hash = "sha256:eb07665d9a907a1a645ee41a0df8a25ffac8ad9c26cdb557b7b88eeeeec934e0"},
    {file = "black-26.1.0-cp310-cp310-win_amd64.whl", hash = "sha256:7ed300200918147c963c87700ccf9966dceaefbbb7277450a8d646fc5646bf24"},
    {file = "black-26.1.0-cp310-cp310-win_arm64.whl", hash = "sha256:c5b7713daea9bf943f79f8c3b46f361cc5229e0e604dcef6a8bb6d1c37d9df89"},
    {file = "black-26.1.0-cp311-cp311-macosx_10_9_x86_64.whl", hash = "sha256:3cee1487a9e4c640dc7467aaa543d6c0097c391dc8ac74eb313f2fbf9d7a7cb5"},
    {file = "black-26.1.0-cp311-cp311-macosx_11_0_arm64.whl", hash = "sha256:d62d14ca31c92adf561ebb2e5f2741bf8dea28aef6deb400d49cca011d186c68"},
    {file = "black-26.1.0-cp311-cp311-manylinux2014_x86_64.manylinux_2_17_x86_64.manylinux_2_28_x86_64.whl", hash = "sha256:fb1dafbbaa3b1ee8b4550a84425aac8874e5f390200f5502cf3aee4a2acb2f14"},
    {file = "black-26.1.0-cp311-cp311-win_amd64.whl", hash = "sha256:101540cb2a77c680f4f80e628ae98bd2bd8812fb9d72ade4f8995c5ff019e82c"},
    {file = "black-26.1.0-cp311-cp311-win_arm64.whl", hash = "sha256:6f3977a16e347f1b115662be07daa93137259c711e526402aa444d7a88fdc9d4"},
    {file = "black-26.1.0-cp312-cp312-macosx_10_13_x86_64.whl", hash = "sha256:6eeca41e70b5f5c84f2f913af857cf2ce17410847e1d54642e658e078da6544f"},
    {file = "black-26.1.0-cp312-cp312-macosx_11_0_arm64.whl", hash = "sha256:dd39eef053e58e60204f2cdf059e2442e2eb08f15989eefe259870f89614c8b6"},
    {file = "black-26.1.0-cp312-cp312-manylinux2014_x86_64.manylinux_2_17_x86_64.manylinux_2_28_x86_64.whl", hash = "sha256:9459ad0d6cd483eacad4c6566b0f8e42af5e8b583cee917d90ffaa3778420a0a"},
    {file = "black-26.1.0-cp312-cp312-win_amd64.whl", hash = "sha256:a19915ec61f3a8746e8b10adbac4a577c6ba9851fa4a9e9fbfbcf319887a5791"},
    {file = "black-26.1.0-cp312-cp312-win_arm64.whl", hash = "sha256:643d27fb5facc167c0b1b59d0315f2674a6e950341aed0fc05cf307d22bf4954"},
    {file = "black-26.1.0-cp313-cp313-macosx_10_13_x86_64.whl", hash = "sha256:ba1d768fbfb6930fc93b0ecc32a43d8861ded16f47a40f14afa9bb04ab93d304"},
    {file = "black-26.1.0-cp313-cp313-macosx_11_0_arm64.whl", hash = "sha256:2b807c240b64609cb0e80d2200a35b23c7df82259f80bef1b2c96eb422b4aac9"},
    {file = "black-26.1.0-cp313-cp313-manylinux2014_x86_64.manylinux_2_17_x86_64.manylinux_2_28_x86_64.whl", hash = "sha256:1de0f7d01cc894066a1153b738145b194414cc6eeaad8ef4397ac9abacf40f6b"},
    {file = "black-26.1.0-cp313-cp313-win_amd64.whl", hash = "sha256:91a68ae46bf07868963671e4d05611b179c2313301bd756a89ad4e3b3db2325b"},
    {file = "black-26.1.0-cp313-cp313-win_arm64.whl", hash = "sha256:be5e2fe860b9bd9edbf676d5b60a9282994c03fbbd40fe8f5e75d194f96064ca"},
    {file = "black-26.1.0-cp314-cp314-macosx_10_15_x86_64.whl", hash = "sha256:9dc8c71656a79ca49b8d3e2ce8103210c9481c57798b48deeb3a8bb02db5f115"},
    {file = "black-26.1.0-cp314-cp314-macosx_11_0_arm64.whl", hash = "sha256:b22b3810451abe359a964cc88121d57f7bce482b53a066de0f1584988ca36e79"},
    {file = "black-26.1.0-cp314-cp314-manylinux2014_x86_64.manylinux_2_17_x86_64.manylinux_2_28_x86_64.whl", hash = "sha256:53c62883b3f999f14e5d30b5a79bd437236658ad45b2f853906c7cbe79de00af"},
    {file = "black-26.1.0-cp314-cp314-win_amd64.whl", hash = "sha256:f016baaadc423dc960cdddf9acae679e71ee02c4c341f78f3179d7e4819c095f"},
    {file = "black-26.1.0-cp314-cp314-win_arm64.whl", hash = "sha256:66912475200b67ef5a0ab665011964bf924745103f51977a78b4fb92a9fc1bf0"},
    {file = "black-26.1.0-py3-none-any.whl", hash = "sha256:1054e8e47ebd686e078c0bb0eaf31e6ce69c966058d122f2c0c950311f9f3ede"},
    {file = "black-26.1.0.tar.gz", hash = "sha256:d294ac3340eef9c9eb5d29288e96dc719ff269a88e27b396340459dd85da4c58"},
]

[package.dependencies]
click = ">=8.0.0"
mypy-extensions = ">=0.4.3"
packaging = ">=22.0"
pathspec = ">=1.0.0"
platformdirs = ">=2"
pytokens = ">=0.3.0"
tomli = {version = ">=1.1.0", markers = "python_version < \"3.11\""}
typing-extensions = {version = ">=4.0.1", markers = "python_version < \"3.11\""}

[package.extras]
colorama = ["colorama (>=0.4.3)"]
d = ["aiohttp (>=3.10)"]
jupyter = ["ipython (>=7.8.0)", "tokenize-rt (>=3.2.0)"]
uvloop = ["uvloop (>=0.15.2)"]

[[package]]
name = "click"
version = "8.1.7"
description = "Composable command line interface toolkit"
optional = false
python-versions = ">=3.7"
groups = ["dev"]
files = [
    {file = "click-8.1.7-py3-none-any.whl", hash = "sha256:ae74fb96c20a0277a1d615f1e4d73c8414f5a98db8b799a7931d1582f3390c28"},
    {file = "click-8.1.7.tar.gz", hash = "sha256:ca9853ad459e787e2192211578cc907e7594e294c7ccc834310722b41b9ca6de"},
]

[package.dependencies]
colorama = {version = "*", markers = "platform_system == \"Windows\""}

[[package]]
name = "colorama"
version = "0.4.6"
description = "Cross-platform colored terminal text."
optional = false
python-versions = "!=3.0.*,!=3.1.*,!=3.2.*,!=3.3.*,!=3.4.*,!=3.5.*,!=3.6.*,>=2.7"
groups = ["dev"]
markers = "platform_system == \"Windows\""
files = [
    {file = "colorama-0.4.6-py2.py3-none-any.whl", hash = "sha256:4f1d9991f5acc0ca119f9d443620b77f9d6b33703e51011c16baf57afb285fc6"},
    {file = "colorama-0.4.6.tar.gz", hash = "sha256:08695f5cb7ed6e0531a20572697297273c47b8cae5a63ffc6d6ed5c201be6e44"},
]

[[package]]
name = "eradicate"
version = "2.3.0"
description = "Removes commented-out code."
optional = false
python-versions = "*"
groups = ["dev"]
files = [
    {file = "eradicate-2.3.0-py3-none-any.whl", hash = "sha256:2b29b3dd27171f209e4ddd8204b70c02f0682ae95eecb353f10e8d72b149c63e"},
    {file = "eradicate-2.3.0.tar.gz", hash = "sha256:06df115be3b87d0fc1c483db22a2ebb12bcf40585722810d809cc770f5031c37"},
]

[[package]]
name = "exceptiongroup"
version = "1.2.1"
description = "Backport of PEP 654 (exception groups)"
optional = false
python-versions = ">=3.7"
groups = ["main"]
markers = "python_version == \"3.10\""
files = [
    {file = "exceptiongroup-1.2.1-py3-none-any.whl", hash = "sha256:5258b9ed329c5bbdd31a309f53cbfb0b155341807f6ff7606a1e801a891b29ad"},
    {file = "exceptiongroup-1.2.1.tar.gz", hash = "sha256:a4785e48b045528f5bfe627b6ad554ff32def154f42372786903b7abcfe1aa16"},
]

[package.extras]
test = ["pytest (>=6)"]

[[package]]
name = "flake8"
version = "7.3.0"
description = "the modular source code checker: pep8 pyflakes and co"
optional = false
python-versions = ">=3.9"
groups = ["dev"]
files = [
    {file = "flake8-7.3.0-py2.py3-none-any.whl", hash = "sha256:b9696257b9ce8beb888cdbe31cf885c90d31928fe202be0889a7cdafad32f01e"},
    {file = "flake8-7.3.0.tar.gz", hash = "sha256:fe044858146b9fc69b551a4b490d69cf960fcb78ad1edcb84e7fbb1b4a8e3872"},
]

[package.dependencies]
mccabe = ">=0.7.0,<0.8.0"
pycodestyle = ">=2.14.0,<2.15.0"
pyflakes = ">=3.4.0,<3.5.0"

[[package]]
name = "flake8-builtins"
version = "3.1.0"
description = "Check for python builtins being used as variables or parameters"
optional = false
python-versions = ">=3.10"
groups = ["dev"]
files = [
    {file = "flake8_builtins-3.1.0-py3-none-any.whl", hash = "sha256:ac09803ddfcce7f67899d24b1ecf4f4bff303d8ebc07a0dde4a2a587cf9d9363"},
    {file = "flake8_builtins-3.1.0.tar.gz", hash = "sha256:10d29d7a81ba6546a26461e83ce1936644764a678ff6337b97a894ebc4db07c1"},
]

[package.dependencies]
flake8 = "*"

[package.extras]
test = ["pytest"]

[[package]]
name = "flake8-comprehensions"
version = "3.17.0"
description = "A flake8 plugin to help you write better list/set/dict comprehensions."
optional = false
python-versions = ">=3.9"
groups = ["dev"]
files = [
    {file = "flake8_comprehensions-3.17.0-py3-none-any.whl", hash = "sha256:3943a9c6f2593c3bc5cc64106c2f89d63c6ecd49c8343597f8257b8fcfc8b0a2"},
    {file = "flake8_comprehensions-3.17.0.tar.gz", hash = "sha256:bf4fa102b2bf4d6c9e999e29e4b2724cbadffb70b937600fc782161be4dc0f4a"},
]

[package.dependencies]
flake8 = ">=3,<3.2 || >3.2"

[[package]]
name = "flake8-debugger"
version = "4.1.2"
description = "ipdb/pdb statement checker plugin for flake8"
optional = false
python-versions = ">=3.7"
groups = ["dev"]
files = [
    {file = "flake8-debugger-4.1.2.tar.gz", hash = "sha256:52b002560941e36d9bf806fca2523dc7fb8560a295d5f1a6e15ac2ded7a73840"},
    {file = "flake8_debugger-4.1.2-py3-none-any.whl", hash = "sha256:0a5e55aeddcc81da631ad9c8c366e7318998f83ff00985a49e6b3ecf61e571bf"},
]

[package.dependencies]
flake8 = ">=3.0"
pycodestyle = "*"

[[package]]
name = "flake8-eradicate"
version = "1.5.0"
description = "Flake8 plugin to find commented out code"
optional = false
python-versions = ">=3.8,<4.0"
groups = ["dev"]
files = [
    {file = "flake8_eradicate-1.5.0-py3-none-any.whl", hash = "sha256:18acc922ad7de623f5247c7d5595da068525ec5437dd53b22ec2259b96ce9d22"},
    {file = "flake8_eradicate-1.5.0.tar.gz", hash = "sha256:aee636cb9ecb5594a7cd92d67ad73eb69909e5cc7bd81710cf9d00970f3983a6"},
]

[package.dependencies]
attrs = "*"
eradicate = ">=2.0,<3.0"
flake8 = ">5"

[[package]]
name = "flake8-functions"
version = "0.0.8"
description = "A flake8 extension that checks functions"
optional = false
python-versions = "*"
groups = ["dev"]
files = [
    {file = "flake8_functions-0.0.8-py3-none-any.whl", hash = "sha256:e1a88aa634d1aff6973f8c9dd64f30ab2beaac661e52eea96929ccc7ee7f64df"},
    {file = "flake8_functions-0.0.8.tar.gz", hash = "sha256:5446626673a9faecbf389fb411b90bdc87b002c387b72dc097b208e7a58f2a1c"},
]

[package.dependencies]
mr-proper = "*"
setuptools = "*"

[[package]]
name = "flake8-implicit-str-concat"
version = "0.6.0"
description = "Flake8 plugin to encourage correct string literal concatenation"
optional = false
python-versions = ">=3.10"
groups = ["dev"]
files = [
    {file = "flake8_implicit_str_concat-0.6.0-py3-none-any.whl", hash = "sha256:67dafdcf2ecf0437b308974dfa397b9162b654f65b01d7ad961fca595a03cba0"},
    {file = "flake8_implicit_str_concat-0.6.0.tar.gz", hash = "sha256:2611436664ebf452f57bf0b3229fb88b58a828e4b22733bd781ce8f1b676ff2b"},
]

[package.extras]
tests = ["pytest", "pytest-cov"]

[[package]]
name = "flake8-plugin-utils"
version = "1.3.3"
description = "The package provides base classes and utils for flake8 plugin writing"
optional = false
python-versions = ">=3.6,<4.0"
groups = ["dev"]
files = [
    {file = "flake8-plugin-utils-1.3.3.tar.gz", hash = "sha256:39f6f338d038b301c6fd344b06f2e81e382b68fa03c0560dff0d9b1791a11a2c"},
    {file = "flake8_plugin_utils-1.3.3-py3-none-any.whl", hash = "sha256:e4848c57d9d50f19100c2d75fa794b72df068666a9041b4b0409be923356a3ed"},
]

[[package]]
name = "flake8-print"
version = "5.0.0"
description = "print statement checker plugin for flake8"
optional = false
python-versions = ">=3.7"
groups = ["dev"]
files = [
    {file = "flake8-print-5.0.0.tar.gz", hash = "sha256:76915a2a389cc1c0879636c219eb909c38501d3a43cc8dae542081c9ba48bdf9"},
    {file = "flake8_print-5.0.0-py3-none-any.whl", hash = "sha256:84a1a6ea10d7056b804221ac5e62b1cee1aefc897ce16f2e5c42d3046068f5d8"},
]

[package.dependencies]
flake8 = ">=3.0"
pycodestyle = "*"

[[package]]
name = "flake8-quotes"
version = "3.4.0"
description = "Flake8 lint for quotes."
optional = false
python-versions = "*"
groups = ["dev"]
files = [
    {file = "flake8-quotes-3.4.0.tar.gz", hash = "sha256:aad8492fb710a2d3eabe68c5f86a1428de650c8484127e14c43d0504ba30276c"},
]

[package.dependencies]
flake8 = "*"
setuptools = "*"

[[package]]
name = "flake8-sfs"
version = "1.0.1"
description = "Python String Formatting Style (SFS) plugin for flake8"
optional = false
python-versions = ">=3.9"
groups = ["dev"]
files = [
    {file = "flake8_sfs-1.0.1-py3-none-any.whl", hash = "sha256:ef5f6b3e6d958894fe4c953ecf8e6156d9ab620c7e138f68af5c0f9bfdb4f6b4"},
    {file = "flake8_sfs-1.0.1.tar.gz", hash = "sha256:0cab211f805efe2b29a8480fda0d46a8cedba1d45b4dd71b9bd0675804097149"},
]

[package.dependencies]
flake8 = ">=3"

[package.extras]
develop = ["build", "twine"]

[[package]]
name = "flake8-simplify"
version = "0.22.0"
description = "flake8 plugin which checks for code that can be simplified"
optional = false
python-versions = ">=3.6.1"
groups = ["dev"]
files = [
    {file = "flake8_simplify-0.22.0-py3-none-any.whl", hash = "sha256:812c65bf49d7857093750df71fc9c4a925fc192bfca14ecf04570e224f17581f"},
    {file = "flake8_simplify-0.22.0.tar.gz", hash = "sha256:526421594d5815cf786a637c2a705223956f7e34872b6bb9f66c5ce3e28caaf9"},
]

[package.dependencies]
astor = ">=0.1"
flake8 = ">=3.7"

[[package]]
name = "idna"
version = "3.7"
description = "Internationalized Domain Names in Applications (IDNA)"
optional = false
python-versions = ">=3.5"
groups = ["main"]
files = [
    {file = "idna-3.7-py3-none-any.whl", hash = "sha256:82fee1fc78add43492d3a1898bfa6d8a904cc97d8427f683ed8e798d07761aa0"},
    {file = "idna-3.7.tar.gz", hash = "sha256:028ff3aadf0609c1fd278d8ea3089299412a7a8b9bd005dd08b9f8285bcb5cfc"},
]

[[package]]
name = "isort"
version = "7.0.0"
description = "A Python utility / library to sort Python imports."
optional = false
python-versions = ">=3.10.0"
groups = ["dev"]
files = [
    {file = "isort-7.0.0-py3-none-any.whl", hash = "sha256:1bcabac8bc3c36c7fb7b98a76c8abb18e0f841a3ba81decac7691008592499c1"},
    {file = "isort-7.0.0.tar.gz", hash = "sha256:5513527951aadb3ac4292a41a16cbc50dd1642432f5e8c20057d414bdafb4187"},
]

[package.extras]
colors = ["colorama"]
plugins = ["setuptools"]

[[package]]
name = "librt"
version = "0.6.3"
description = "Mypyc runtime library"
optional = false
python-versions = ">=3.9"
groups = ["dev"]
markers = "platform_python_implementation != \"PyPy\""
files = [
    {file = "librt-0.6.3-cp310-cp310-macosx_10_9_x86_64.whl", hash = "sha256:45660d26569cc22ed30adf583389d8a0d1b468f8b5e518fcf9bfe2cd298f9dd1"},
    {file = "librt-0.6.3-cp310-cp310-macosx_11_0_arm64.whl", hash = "sha256:54f3b2177fb892d47f8016f1087d21654b44f7fc4cf6571c1c6b3ea531ab0fcf"},
    {file = "librt-0.6.3-cp310-cp310-manylinux1_i686.manylinux_2_28_i686.manylinux_2_5_i686.whl", hash = "sha256:c5b31bed2c2f2fa1fcb4815b75f931121ae210dc89a3d607fb1725f5907f1437"},
    {file = "librt-0.6.3-cp310-cp310-manylinux2014_aarch64.manylinux_2_17_aarch64.manylinux_2_28_aarch64.whl", hash = "sha256:8f8ed5053ef9fb08d34f1fd80ff093ccbd1f67f147633a84cf4a7d9b09c0f089"},
    {file = "librt-0.6.3-cp310-cp310-manylinux2014_x86_64.manylinux_2_17_x86_64.manylinux_2_28_x86_64.whl", hash = "sha256:3f0e4bd9bcb0ee34fa3dbedb05570da50b285f49e52c07a241da967840432513"},
    {file = "librt-0.6.3-cp310-cp310-musllinux_1_2_aarch64.whl", hash = "sha256:d8f89c8d20dfa648a3f0a56861946eb00e5b00d6b00eea14bc5532b2fcfa8ef1"},
    {file = "librt-0.6.3-cp310-cp310-musllinux_1_2_i686.whl", hash = "sha256:ecc2c526547eacd20cb9fbba19a5268611dbc70c346499656d6cf30fae328977"},
    {file = "librt-0.6.3-cp310-cp310-musllinux_1_2_x86_64.whl", hash = "sha256:fbedeb9b48614d662822ee514567d2d49a8012037fc7b4cd63f282642c2f4b7d"},
    {file = "librt-0.6.3-cp310-cp310-win32.whl", hash = "sha256:0765b0fe0927d189ee14b087cd595ae636bef04992e03fe6dfdaa383866c8a46"},
    {file = "librt-0.6.3-cp310-cp310-win_amd64.whl", hash = "sha256:8c659f9fb8a2f16dc4131b803fa0144c1dadcb3ab24bb7914d01a6da58ae2457"},
    {file = "librt-0.6.3-cp311-cp311-macosx_10_9_x86_64.whl", hash = "sha256:61348cc488b18d1b1ff9f3e5fcd5ac43ed22d3e13e862489d2267c2337285c08"},
    {file = "librt-0.6.3-cp311-cp311-macosx_11_0_arm64.whl", hash = "sha256:64645b757d617ad5f98c08e07620bc488d4bced9ced91c6279cec418f16056fa"},
    {file = "librt-0.6.3-cp311-cp311-manylinux1_i686.manylinux_2_28_i686.manylinux_2_5_i686.whl", hash = "sha256:26b8026393920320bb9a811b691d73c5981385d537ffc5b6e22e53f7b65d4122"},
    {file = "librt-0.6.3-cp311-cp311-manylinux2014_aarch64.manylinux_2_17_aarch64.manylinux_2_28_aarch64.whl", hash = "sha256:d998b432ed9ffccc49b820e913c8f327a82026349e9c34fa3690116f6b70770f"},
    {file = "librt-0.6.3-cp311-cp311-manylinux2014_x86_64.manylinux_2_17_x86_64.manylinux_2_28_x86_64.whl", hash = "sha256:e18875e17ef69ba7dfa9623f2f95f3eda6f70b536079ee6d5763ecdfe6cc9040"},
    {file = "librt-0.6.3-cp311-cp311-musllinux_1_2_aarch64.whl", hash = "sha256:a218f85081fc3f70cddaed694323a1ad7db5ca028c379c214e3a7c11c0850523"},
    {file = "librt-0.6.3-cp311-cp311-musllinux_1_2_i686.whl", hash = "sha256:1ef42ff4edd369e84433ce9b188a64df0837f4f69e3d34d3b34d4955c599d03f"},
    {file = "librt-0.6.3-cp311-cp311-musllinux_1_2_x86_64.whl", hash = "sha256:0e0f2b79993fec23a685b3e8107ba5f8675eeae286675a216da0b09574fa1e47"},
    {file = "librt-0.6.3-cp311-cp311-win32.whl", hash = "sha256:fd98cacf4e0fabcd4005c452cb8a31750258a85cab9a59fb3559e8078da408d7"},
    {file = "librt-0.6.3-cp311-cp311-win_amd64.whl", hash = "sha256:e17b5b42c8045867ca9d1f54af00cc2275198d38de18545edaa7833d7e9e4ac8"},
    {file = "librt-0.6.3-cp311-cp311-win_arm64.whl", hash = "sha256:87597e3d57ec0120a3e1d857a708f80c02c42ea6b00227c728efbc860f067c45"},
    {file = "librt-0.6.3-cp312-cp312-macosx_10_13_x86_64.whl", hash = "sha256:74418f718083009108dc9a42c21bf2e4802d49638a1249e13677585fcc9ca176"},
    {file = "librt-0.6.3-cp312-cp312-macosx_11_0_arm64.whl", hash = "sha256:514f3f363d1ebc423357d36222c37e5c8e6674b6eae8d7195ac9a64903722057"},
    {file = "librt-0.6.3-cp312-cp312-manylinux1_i686.manylinux_2_28_i686.manylinux_2_5_i686.whl", hash = "sha256:cf1115207a5049d1f4b7b4b72de0e52f228d6c696803d94843907111cbf80610"},
    {file = "librt-0.6.3-cp312-cp312-manylinux2014_aarch64.manylinux_2_17_aarch64.manylinux_2_28_aarch64.whl", hash = "sha256:ad8ba80cdcea04bea7b78fcd4925bfbf408961e9d8397d2ee5d3ec121e20c08c"},
    {file = "librt-0.6.3-cp312-cp312-manylinux2014_x86_64.manylinux_2_17_x86_64.manylinux_2_28_x86_64.whl", hash = "sha256:4018904c83eab49c814e2494b4e22501a93cdb6c9f9425533fe693c3117126f9"},
    {file = "librt-0.6.3-cp312-cp312-musllinux_1_2_aarch64.whl", hash = "sha256:8983c5c06ac9c990eac5eb97a9f03fe41dc7e9d7993df74d9e8682a1056f596c"},
    {file = "librt-0.6.3-cp312-cp312-musllinux_1_2_i686.whl", hash = "sha256:d7769c579663a6f8dbf34878969ac71befa42067ce6bf78e6370bf0d1194997c"},
    {file = "librt-0.6.3-cp312-cp312-musllinux_1_2_x86_64.whl", hash = "sha256:d3c9a07eafdc70556f8c220da4a538e715668c0c63cabcc436a026e4e89950bf"},
    {file = "librt-0.6.3-cp312-cp312-win32.whl", hash = "sha256:38320386a48a15033da295df276aea93a92dfa94a862e06893f75ea1d8bbe89d"},
    {file = "librt-0.6.3-cp312-cp312-win_amd64.whl", hash = "sha256:c0ecf4786ad0404b072196b5df774b1bb23c8aacdcacb6c10b4128bc7b00bd01"},
    {file = "librt-0.6.3-cp312-cp312-win_arm64.whl", hash = "sha256:9f2a6623057989ebc469cd9cc8fe436c40117a0147627568d03f84aef7854c55"},
    {file = "librt-0.6.3-cp313-cp313-macosx_10_13_x86_64.whl", hash = "sha256:9e716f9012148a81f02f46a04fc4c663420c6fbfeacfac0b5e128cf43b4413d3"},
    {file = "librt-0.6.3-cp313-cp313-macosx_11_0_arm64.whl", hash = "sha256:669ff2495728009a96339c5ad2612569c6d8be4474e68f3f3ac85d7c3261f5f5"},
    {file = "librt-0.6.3-cp313-cp313-manylinux1_i686.manylinux_2_28_i686.manylinux_2_5_i686.whl", hash = "sha256:349b6873ebccfc24c9efd244e49da9f8a5c10f60f07575e248921aae2123fc42"},
    {file = "librt-0.6.3-cp313-cp313-manylinux2014_aarch64.manylinux_2_17_aarch64.manylinux_2_28_aarch64.whl", hash = "sha256:0c74c26736008481c9f6d0adf1aedb5a52aff7361fea98276d1f965c0256ee70"},
    {file = "librt-0.6.3-cp313-cp313-manylinux2014_x86_64.manylinux_2_17_x86_64.manylinux_2_28_x86_64.whl", hash = "sha256:408a36ddc75e91918cb15b03460bdc8a015885025d67e68c6f78f08c3a88f522"},
    {file = "librt-0.6.3-cp313-cp313-musllinux_1_2_aarch64.whl", hash = "sha256:e61ab234624c9ffca0248a707feffe6fac2343758a36725d8eb8a6efef0f8c30"},
    {file = "librt-0.6.3-cp313-cp313-musllinux_1_2_i686.whl", hash = "sha256:324462fe7e3896d592b967196512491ec60ca6e49c446fe59f40743d08c97917"},
    {file = "librt-0.6.3-cp313-cp313-musllinux_1_2_x86_64.whl", hash = "sha256:36b2ec8c15030002c7f688b4863e7be42820d7c62d9c6eece3db54a2400f0530"},
    {file = "librt-0.6.3-cp313-cp313-win32.whl", hash = "sha256:25b1b60cb059471c0c0c803e07d0dfdc79e41a0a122f288b819219ed162672a3"},
    {file = "librt-0.6.3-cp313-cp313-win_amd64.whl", hash = "sha256:10a95ad074e2a98c9e4abc7f5b7d40e5ecbfa84c04c6ab8a70fabf59bd429b88"},
    {file = "librt-0.6.3-cp313-cp313-win_arm64.whl", hash = "sha256:17000df14f552e86877d67e4ab7966912224efc9368e998c96a6974a8d609bf9"},
    {file = "librt-0.6.3-cp314-cp314-macosx_10_13_x86_64.whl", hash = "sha256:8e695f25d1a425ad7a272902af8ab8c8d66c1998b177e4b5f5e7b4e215d0c88a"},
    {file = "librt-0.6.3-cp314-cp314-macosx_11_0_arm64.whl", hash = "sha256:3e84a4121a7ae360ca4da436548a9c1ca8ca134a5ced76c893cc5944426164bd"},
    {file = "librt-0.6.3-cp314-cp314-manylinux1_i686.manylinux_2_28_i686.manylinux_2_5_i686.whl", hash = "sha256:05f385a414de3f950886ea0aad8f109650d4b712cf9cc14cc17f5f62a9ab240b"},
    {file = "librt-0.6.3-cp314-cp314-manylinux2014_aarch64.manylinux_2_17_aarch64.manylinux_2_28_aarch64.whl", hash = "sha256:36a8e337461150b05ca2c7bdedb9e591dfc262c5230422cea398e89d0c746cdc"},
    {file = "librt-0.6.3-cp314-cp314-manylinux2014_x86_64.manylinux_2_17_x86_64.manylinux_2_28_x86_64.whl", hash = "sha256:dcbe48f6a03979384f27086484dc2a14959be1613cb173458bd58f714f2c48f3"},
    {file = "librt-0.6.3-cp314-cp314-musllinux_1_2_aarch64.whl", hash = "sha256:4bca9e4c260233fba37b15c4ec2f78aa99c1a79fbf902d19dd4a763c5c3fb751"},
    {file = "librt-0.6.3-cp314-cp314-musllinux_1_2_i686.whl", hash = "sha256:760c25ed6ac968e24803eb5f7deb17ce026902d39865e83036bacbf5cf242aa8"},
    {file = "librt-0.6.3-cp314-cp314-musllinux_1_2_x86_64.whl", hash = "sha256:4aa4a93a353ccff20df6e34fa855ae8fd788832c88f40a9070e3ddd3356a9f0e"},
    {file = "librt-0.6.3-cp314-cp314-win32.whl", hash = "sha256:cb92741c2b4ea63c09609b064b26f7f5d9032b61ae222558c55832ec3ad0bcaf"},
    {file = "librt-0.6.3-cp314-cp314-win_amd64.whl", hash = "sha256:fdcd095b1b812d756fa5452aca93b962cf620694c0cadb192cec2bb77dcca9a2"},
    {file = "librt-0.6.3-cp314-cp314-win_arm64.whl", hash = "sha256:822ca79e28720a76a935c228d37da6579edef048a17cd98d406a2484d10eda78"},
    {file = "librt-0.6.3-cp314-cp314t-macosx_10_13_x86_64.whl", hash = "sha256:078cd77064d1640cb7b0650871a772956066174d92c8aeda188a489b58495179"},
    {file = "librt-0.6.3-cp314-cp314t-macosx_11_0_arm64.whl", hash = "sha256:5cc22f7f5c0cc50ed69f4b15b9c51d602aabc4500b433aaa2ddd29e578f452f7"},
    {file = "librt-0.6.3-cp314-cp314t-manylinux1_i686.manylinux_2_28_i686.manylinux_2_5_i686.whl", hash = "sha256:14b345eb7afb61b9fdcdfda6738946bd11b8e0f6be258666b0646af3b9bb5916"},
    {file = "librt-0.6.3-cp314-cp314t-manylinux2014_aarch64.manylinux_2_17_aarch64.manylinux_2_28_aarch64.whl", hash = "sha256:6d46aa46aa29b067f0b8b84f448fd9719aaf5f4c621cc279164d76a9dc9ab3e8"},
    {file = "librt-0.6.3-cp314-cp314t-manylinux2014_x86_64.manylinux_2_17_x86_64.manylinux_2_28_x86_64.whl", hash = "sha256:1b51ba7d9d5d9001494769eca8c0988adce25d0a970c3ba3f2eb9df9d08036fc"},
    {file = "librt-0.6.3-cp314-cp314t-musllinux_1_2_aarch64.whl", hash = "sha256:ced0925a18fddcff289ef54386b2fc230c5af3c83b11558571124bfc485b8c07"},
    {file = "librt-0.6.3-cp314-cp314t-musllinux_1_2_i686.whl", hash = "sha256:6bac97e51f66da2ca012adddbe9fd656b17f7368d439de30898f24b39512f40f"},
    {file = "librt-0.6.3-cp314-cp314t-musllinux_1_2_x86_64.whl", hash = "sha256:b2922a0e8fa97395553c304edc3bd36168d8eeec26b92478e292e5d4445c1ef0"},
    {file = "librt-0.6.3-cp314-cp314t-win32.whl", hash = "sha256:f33462b19503ba68d80dac8a1354402675849259fb3ebf53b67de86421735a3a"},
    {file = "librt-0.6.3-cp314-cp314t-win_amd64.whl", hash = "sha256:04f8ce401d4f6380cfc42af0f4e67342bf34c820dae01343f58f472dbac75dcf"},
    {file = "librt-0.6.3-cp314-cp314t-win_arm64.whl", hash = "sha256:afb39550205cc5e5c935762c6bf6a2bb34f7d21a68eadb25e2db7bf3593fecc0"},
    {file = "librt-0.6.3-cp39-cp39-macosx_10_9_x86_64.whl", hash = "sha256:09262cb2445b6f15d09141af20b95bb7030c6f13b00e876ad8fdd1a9045d6aa5"},
    {file = "librt-0.6.3-cp39-cp39-macosx_11_0_arm64.whl", hash = "sha256:57705e8eec76c5b77130d729c0f70190a9773366c555c5457c51eace80afd873"},
    {file = "librt-0.6.3-cp39-cp39-manylinux1_i686.manylinux_2_28_i686.manylinux_2_5_i686.whl", hash = "sha256:3ac2a7835434b31def8ed5355dd9b895bbf41642d61967522646d1d8b9681106"},
    {file = "librt-0.6.3-cp39-cp39-manylinux2014_aarch64.manylinux_2_17_aarch64.manylinux_2_28_aarch64.whl", hash = "sha256:71f0a5918aebbea1e7db2179a8fe87e8a8732340d9e8b8107401fb407eda446e"},
    {file = "librt-0.6.3-cp39-cp39-manylinux2014_x86_64.manylinux_2_17_x86_64.manylinux_2_28_x86_64.whl", hash = "sha256:aa346e202e6e1ebc01fe1c69509cffe486425884b96cb9ce155c99da1ecbe0e9"},
    {file = "librt-0.6.3-cp39-cp39-musllinux_1_2_aarch64.whl", hash = "sha256:92267f865c7bbd12327a0d394666948b9bf4b51308b52947c0cc453bfa812f5d"},
    {file = "librt-0.6.3-cp39-cp39-musllinux_1_2_i686.whl", hash = "sha256:86605d5bac340beb030cbc35859325982a79047ebdfba1e553719c7126a2389d"},
    {file = "librt-0.6.3-cp39-cp39-musllinux_1_2_x86_64.whl", hash = "sha256:98e4bbecbef8d2a60ecf731d735602feee5ac0b32117dbbc765e28b054bac912"},
    {file = "librt-0.6.3-cp39-cp39-win32.whl", hash = "sha256:3caa0634c02d5ff0b2ae4a28052e0d8c5f20d497623dc13f629bd4a9e2a6efad"},
    {file = "librt-0.6.3-cp39-cp39-win_amd64.whl", hash = "sha256:b47395091e7e0ece1e6ebac9b98bf0c9084d1e3d3b2739aa566be7e56e3f7bf2"},
    {file = "librt-0.6.3.tar.gz", hash = "sha256:c724a884e642aa2bbad52bb0203ea40406ad742368a5f90da1b220e970384aae"},
]

[[package]]
name = "mccabe"
version = "0.7.0"
description = "McCabe checker, plugin for flake8"
optional = false
python-versions = ">=3.6"
groups = ["dev"]
files = [
    {file = "mccabe-0.7.0-py2.py3-none-any.whl", hash = "sha256:6c2d30ab6be0e4a46919781807b4f0d834ebdd6c6e3dca0bda5a15f863427b6e"},
    {file = "mccabe-0.7.0.tar.gz", hash = "sha256:348e0240c33b60bbdf4e523192ef919f28cb2c3d7d5c7794f74009290f236325"},
]

[[package]]
name = "mr-proper"
version = "0.0.7"
description = "Static Python code analyzer, that tries to check if functions in code are pure or not and why."
optional = false
python-versions = "*"
groups = ["dev"]
files = [
    {file = "mr_proper-0.0.7-py3-none-any.whl", hash = "sha256:74a1b60240c46f10ba518707ef72811a01e5c270da0a78b5dd2dd923d99fdb14"},
    {file = "mr_proper-0.0.7.tar.gz", hash = "sha256:03b517b19e617537f711ce418b125e5f2efd82ec881539cdee83195c78c14a02"},
]

[package.dependencies]
click = ">=7.1.2"
setuptools = "*"
stdlib-list = ">=0.5.0"

[[package]]
name = "mypy"
version = "1.19.1"
description = "Optional static typing for Python"
optional = false
python-versions = ">=3.9"
groups = ["dev"]
files = [
    {file = "mypy-1.19.1-cp310-cp310-macosx_10_9_x86_64.whl", hash = "sha256:5f05aa3d375b385734388e844bc01733bd33c644ab48e9684faa54e5389775ec"},
    {file = "mypy-1.19.1-cp310-cp310-macosx_11_0_arm64.whl", hash = "sha256:022ea7279374af1a5d78dfcab853fe6a536eebfda4b59deab53cd21f6cd9f00b"},
    {file = "mypy-1.19.1-cp310-cp310-manylinux2014_aarch64.manylinux_2_17_aarch64.manylinux_2_28_aarch64.whl", hash = "sha256:ee4c11e460685c3e0c64a4c5de82ae143622410950d6be863303a1c4ba0e36d6"},
    {file = "mypy-1.19.1-cp310-cp310-manylinux2014_x86_64.manylinux_2_17_x86_64.manylinux_2_28_x86_64.whl", hash = "sha256:de759aafbae8763283b2ee5869c7255391fbc4de3ff171f8f030b5ec48381b74"},
    {file = "mypy-1.19.1-cp310-cp310-musllinux_1_2_x86_64.whl", hash = "sha256:ab43590f9cd5108f41aacf9fca31841142c786827a74ab7cc8a2eacb634e09a1"},
    {file = "mypy-1.19.1-cp310-cp310-win_amd64.whl", hash = "sha256:2899753e2f61e571b3971747e302d5f420c3fd09650e1951e99f823bc3089dac"},
    {file = "mypy-1.19.1-cp311-cp311-macosx_10_9_x86_64.whl", hash = "sha256:d8dfc6ab58ca7dda47d9237349157500468e404b17213d44fc1cb77bce532288"},
    {file = "mypy-1.19.1-cp311-cp311-macosx_11_0_arm64.whl", hash = "sha256:e3f276d8493c3c97930e354b2595a44a21348b320d859fb4a2b9f66da9ed27ab"},
    {file = "mypy-1.19.1-cp311-cp311-manylinux2014_aarch64.manylinux_2_17_aarch64.manylinux_2_28_aarch64.whl", hash = "sha256:2abb24cf3f17864770d18d673c85235ba52456b36a06b6afc1e07c1fdcd3d0e6"},
    {file = "mypy-1.19.1-cp311-cp311-manylinux2014_x86_64.manylinux_2_17_x86_64.manylinux_2_28_x86_64.whl", hash = "sha256:a009ffa5a621762d0c926a078c2d639104becab69e79538a494bcccb62cc0331"},
    {file = "mypy-1.19.1-cp311-cp311-musllinux_1_2_x86_64.whl", hash = "sha256:f7cee03c9a2e2ee26ec07479f38ea9c884e301d42c6d43a19d20fb014e3ba925"},
    {file = "mypy-1.19.1-cp311-cp311-win_amd64.whl", hash = "sha256:4b84a7a18f41e167f7995200a1d07a4a6810e89d29859df936f1c3923d263042"},
    {file = "mypy-1.19.1-cp312-cp312-macosx_10_13_x86_64.whl", hash = "sha256:a8174a03289288c1f6c46d55cef02379b478bfbc8e358e02047487cad44c6ca1"},
    {file = "mypy-1.19.1-cp312-cp312-macosx_11_0_arm64.whl", hash = "sha256:ffcebe56eb09ff0c0885e750036a095e23793ba6c2e894e7e63f6d89ad51f22e"},
    {file = "mypy-1.19.1-cp312-cp312-manylinux2014_aarch64.manylinux_2_17_aarch64.manylinux_2_28_aarch64.whl", hash = "sha256:b64d987153888790bcdb03a6473d321820597ab8dd9243b27a92153c4fa50fd2"},
    {file = "mypy-1.19.1-cp312-cp312-manylinux2014_x86_64.manylinux_2_17_x86_64.manylinux_2_28_x86_64.whl", hash = "sha256:c35d298c2c4bba75feb2195655dfea8124d855dfd7343bf8b8c055421eaf0cf8"},
    {file = "mypy-1.19.1-cp312-cp312-musllinux_1_2_x86_64.whl", hash = "sha256:34c81968774648ab5ac09c29a375fdede03ba253f8f8287847bd480782f73a6a"},
    {file = "mypy-1.19.1-cp312-cp312-win_amd64.whl", hash = "sha256:b10e7c2cd7870ba4ad9b2d8a6102eb5ffc1f16ca35e3de6bfa390c1113029d13"},
    {file = "mypy-1.19.1-cp313-cp313-macosx_10_13_x86_64.whl", hash = "sha256:e3157c7594ff2ef1634ee058aafc56a82db665c9438fd41b390f3bde1ab12250"},
    {file = "mypy-1.19.1-cp313-cp313-macosx_11_0_arm64.whl", hash = "sha256:bdb12f69bcc02700c2b47e070238f42cb87f18c0bc1fc4cdb4fb2bc5fd7a3b8b"},
    {file = "mypy-1.19.1-cp313-cp313-manylinux2014_aarch64.manylinux_2_17_aarch64.manylinux_2_28_aarch64.whl", hash = "sha256:f859fb09d9583a985be9a493d5cfc5515b56b08f7447759a0c5deaf68d80506e"},
    {file = "mypy-1.19.1-cp313-cp313-manylinux2014_x86_64.manylinux_2_17_x86_64.manylinux_2_28_x86_64.whl", hash = "sha256:c9a6538e0415310aad77cb94004ca6482330fece18036b5f360b62c45814c4ef"},
    {file = "mypy-1.19.1-cp313-cp313-musllinux_1_2_x86_64.whl", hash = "sha256:da4869fc5e7f62a88f3fe0b5c919d1d9f7ea3cef92d3689de2823fd27e40aa75"},
    {file = "mypy-1.19.1-cp313-cp313-win_amd64.whl", hash = "sha256:016f2246209095e8eda7538944daa1d60e1e8134d98983b9fc1e92c1fc0cb8dd"},
    {file = "mypy-1.19.1-cp314-cp314-macosx_10_15_x86_64.whl", hash = "sha256:06e6170bd5836770e8104c8fdd58e5e725cfeb309f0a6c681a811f557e97eac1"},
    {file = "mypy-1.19.1-cp314-cp314-macosx_11_0_arm64.whl", hash = "sha256:804bd67b8054a85447c8954215a906d6eff9cabeabe493fb6334b24f4bfff718"},
    {file = "mypy-1.19.1-cp314-cp314-manylinux2014_aarch64.manylinux_2_17_aarch64.manylinux_2_28_aarch64.whl", hash = "sha256:21761006a7f497cb0d4de3d8ef4ca70532256688b0523eee02baf9eec895e27b"},
    {file = "mypy-1.19.1-cp314-cp314-manylinux2014_x86_64.manylinux_2_17_x86_64.manylinux_2_28_x86_64.whl", hash = "sha256:28902ee51f12e0f19e1e16fbe2f8f06b6637f482c459dd393efddd0ec7f82045"},
    {file = "mypy-1.19.1-cp314-cp314-musllinux_1_2_x86_64.whl", hash = "sha256:481daf36a4c443332e2ae9c137dfee878fcea781a2e3f895d54bd3002a900957"},
    {file = "mypy-1.19.1-cp314-cp314-win_amd64.whl", hash = "sha256:8bb5c6f6d043655e055be9b542aa5f3bdd30e4f3589163e85f93f3640060509f"},
    {file = "mypy-1.19.1-cp39-cp39-macosx_10_9_x86_64.whl", hash = "sha256:7bcfc336a03a1aaa26dfce9fff3e287a3ba99872a157561cbfcebe67c13308e3"},
    {file = "mypy-1.19.1-cp39-cp39-macosx_11_0_arm64.whl", hash = "sha256:b7951a701c07ea584c4fe327834b92a30825514c868b1f69c30445093fdd9d5a"},
    {file = "mypy-1.19.1-cp39-cp39-manylinux2014_aarch64.manylinux_2_17_aarch64.manylinux_2_28_aarch64.whl", hash = "sha256:b13cfdd6c87fc3efb69ea4ec18ef79c74c3f98b4e5498ca9b85ab3b2c2329a67"},
    {file = "mypy-1.19.1-cp39-cp39-manylinux2014_x86_64.manylinux_2_17_x86_64.manylinux_2_28_x86_64.whl", hash = "sha256:4f28f99c824ecebcdaa2e55d82953e38ff60ee5ec938476796636b86afa3956e"},
    {file = "mypy-1.19.1-cp39-cp39-musllinux_1_2_x86_64.whl", hash = "sha256:c608937067d2fc5a4dd1a5ce92fd9e1398691b8c5d012d66e1ddd430e9244376"},
    {file = "mypy-1.19.1-cp39-cp39-win_amd64.whl", hash = "sha256:409088884802d511ee52ca067707b90c883426bd95514e8cfda8281dc2effe24"},
    {file = "mypy-1.19.1-py3-none-any.whl", hash = "sha256:f1235f5ea01b7db5468d53ece6aaddf1ad0b88d9e7462b86ef96fe04995d7247"},
    {file = "mypy-1.19.1.tar.gz", hash = "sha256:19d88bb05303fe63f71dd2c6270daca27cb9401c4ca8255fe50d1d920e0eb9ba"},
]

[package.dependencies]
librt = {version = ">=0.6.2", markers = "platform_python_implementation != \"PyPy\""}
mypy_extensions = ">=1.0.0"
pathspec = ">=0.9.0"
tomli = {version = ">=1.1.0", markers = "python_version < \"3.11\""}
typing_extensions = ">=4.6.0"

[package.extras]
dmypy = ["psutil (>=4.0)"]
faster-cache = ["orjson"]
install-types = ["pip"]
mypyc = ["setuptools (>=50)"]
reports = ["lxml"]

[[package]]
name = "mypy-extensions"
version = "1.0.0"
description = "Type system extensions for programs checked with the mypy type checker."
optional = false
python-versions = ">=3.5"
groups = ["dev"]
files = [
    {file = "mypy_extensions-1.0.0-py3-none-any.whl", hash = "sha256:4392f6c0eb8a5668a69e23d168ffa70f0be9ccfd32b5cc2d26a34ae5b844552d"},
    {file = "mypy_extensions-1.0.0.tar.gz", hash = "sha256:75dbf8955dc00442a438fc4d0666508a9a97b6bd41aa2f0ffe9d2f2725af0782"},
]

[[package]]
name = "packaging"
version = "24.0"
description = "Core utilities for Python packages"
optional = false
python-versions = ">=3.7"
groups = ["dev"]
files = [
    {file = "packaging-24.0-py3-none-any.whl", hash = "sha256:2ddfb553fdf02fb784c234c7ba6ccc288296ceabec964ad2eae3777778130bc5"},
    {file = "packaging-24.0.tar.gz", hash = "sha256:eb82c5e3e56209074766e6885bb04b8c38a0c015d0a30036ebe7ece34c9989e9"},
]

[[package]]
name = "pathspec"
version = "1.0.4"
description = "Utility library for gitignore style pattern matching of file paths."
optional = false
python-versions = ">=3.9"
groups = ["dev"]
files = [
    {file = "pathspec-1.0.4-py3-none-any.whl", hash = "sha256:fb6ae2fd4e7c921a165808a552060e722767cfa526f99ca5156ed2ce45a5c723"},
    {file = "pathspec-1.0.4.tar.gz", hash = "sha256:0210e2ae8a21a9137c0d470578cb0e595af87edaa6ebf12ff176f14a02e0e645"},
]

[package.extras]
hyperscan = ["hyperscan (>=0.7)"]
optional = ["typing-extensions (>=4)"]
re2 = ["google-re2 (>=1.1)"]
tests = ["pytest (>=9)", "typing-extensions (>=4.15)"]

[[package]]
name = "platformdirs"
version = "4.2.2"
description = "A small Python package for determining appropriate platform-specific dirs, e.g. a `user data dir`."
optional = false
python-versions = ">=3.8"
groups = ["dev"]
files = [
    {file = "platformdirs-4.2.2-py3-none-any.whl", hash = "sha256:2d7a1657e36a80ea911db832a8a6ece5ee53d8de21edd5cc5879af6530b1bfee"},
    {file = "platformdirs-4.2.2.tar.gz", hash = "sha256:38b7b51f512eed9e84a22788b4bce1de17c0adb134d6becb09836e37d8654cd3"},
]

[package.extras]
docs = ["furo (>=2023.9.10)", "proselint (>=0.13)", "sphinx (>=7.2.6)", "sphinx-autodoc-typehints (>=1.25.2)"]
test = ["appdirs (==1.4.4)", "covdefaults (>=2.3)", "pytest (>=7.4.3)", "pytest-cov (>=4.1)", "pytest-mock (>=3.12)"]
type = ["mypy (>=1.8)"]

[[package]]
name = "pycodestyle"
version = "2.14.0"
description = "Python style guide checker"
optional = false
python-versions = ">=3.9"
groups = ["dev"]
files = [
    {file = "pycodestyle-2.14.0-py2.py3-none-any.whl", hash = "sha256:dd6bf7cb4ee77f8e016f9c8e74a35ddd9f67e1d5fd4184d86c3b98e07099f42d"},
    {file = "pycodestyle-2.14.0.tar.gz", hash = "sha256:c4b5b517d278089ff9d0abdec919cd97262a3367449ea1c8b49b91529167b783"},
]

[[package]]
name = "pyflakes"
version = "3.4.0"
description = "passive checker of Python programs"
optional = false
python-versions = ">=3.9"
groups = ["dev"]
files = [
    {file = "pyflakes-3.4.0-py2.py3-none-any.whl", hash = "sha256:f742a7dbd0d9cb9ea41e9a24a918996e8170c799fa528688d40dd582c8265f4f"},
    {file = "pyflakes-3.4.0.tar.gz", hash = "sha256:b24f96fafb7d2ab0ec5075b7350b3d2d2218eab42003821c06344973d3ea2f58"},
]

[[package]]
name = "pytokens"
version = "0.3.0"
description = "A Fast, spec compliant Python 3.14+ tokenizer that runs on older Pythons."
optional = false
python-versions = ">=3.8"
groups = ["dev"]
files = [
    {file = "pytokens-0.3.0-py3-none-any.whl", hash = "sha256:95b2b5eaf832e469d141a378872480ede3f251a5a5041b8ec6e581d3ac71bbf3"},
    {file = "pytokens-0.3.0.tar.gz", hash = "sha256:2f932b14ed08de5fcf0b391ace2642f858f1394c0857202959000b68ed7a458a"},
]

[package.extras]
dev = ["black", "build", "mypy", "pytest", "pytest-cov", "setuptools", "tox", "twine", "wheel"]

[[package]]
name = "pyupgrade"
version = "3.21.2"
description = "A tool to automatically upgrade syntax for newer versions."
optional = false
python-versions = ">=3.10"
groups = ["dev"]
files = [
    {file = "pyupgrade-3.21.2-py2.py3-none-any.whl", hash = "sha256:2ac7b95cbd176475041e4dfe8ef81298bd4654a244f957167bd68af37d52be9f"},
    {file = "pyupgrade-3.21.2.tar.gz", hash = "sha256:1a361bea39deda78d1460f65d9dd548d3a36ff8171d2482298539b9dc11c9c06"},
]

[package.dependencies]
tokenize-rt = ">=6.1.0"

[[package]]
name = "setuptools"
version = "78.1.1"
description = "Easily download, build, install, upgrade, and uninstall Python packages"
optional = false
python-versions = ">=3.9"
groups = ["dev"]
files = [
    {file = "setuptools-78.1.1-py3-none-any.whl", hash = "sha256:c3a9c4211ff4c309edb8b8c4f1cbfa7ae324c4ba9f91ff254e3d305b9fd54561"},
    {file = "setuptools-78.1.1.tar.gz", hash = "sha256:fcc17fd9cd898242f6b4adfaca46137a9edef687f43e6f78469692a5e70d851d"},
]

[package.extras]
check = ["pytest-checkdocs (>=2.4)", "pytest-ruff (>=0.2.1) ; sys_platform != \"cygwin\"", "ruff (>=0.8.0) ; sys_platform != \"cygwin\""]
core = ["importlib_metadata (>=6) ; python_version < \"3.10\"", "jaraco.functools (>=4)", "jaraco.text (>=3.7)", "more_itertools", "more_itertools (>=8.8)", "packaging (>=24.2)", "platformdirs (>=4.2.2)", "tomli (>=2.0.1) ; python_version < \"3.11\"", "wheel (>=0.43.0)"]
cover = ["pytest-cov"]
doc = ["furo", "jaraco.packaging (>=9.3)", "jaraco.tidelift (>=1.4)", "pygments-github-lexers (==0.0.5)", "pyproject-hooks (!=1.1)", "rst.linker (>=1.9)", "sphinx (>=3.5)", "sphinx-favicon", "sphinx-inline-tabs", "sphinx-lint", "sphinx-notfound-page (>=1,<2)", "sphinx-reredirects", "sphinxcontrib-towncrier", "towncrier (<24.7)"]
enabler = ["pytest-enabler (>=2.2)"]
test = ["build[virtualenv] (>=1.0.3)", "filelock (>=3.4.0)", "ini2toml[lite] (>=0.14)", "jaraco.develop (>=7.21) ; python_version >= \"3.9\" and sys_platform != \"cygwin\"", "jaraco.envs (>=2.2)", "jaraco.path (>=3.7.2)", "jaraco.test (>=5.5)", "packaging (>=24.2)", "pip (>=19.1)", "pyproject-hooks (!=1.1)", "pytest (>=6,!=8.1.*)", "pytest-home (>=0.5)", "pytest-perf ; sys_platform != \"cygwin\"", "pytest-subprocess", "pytest-timeout", "pytest-xdist (>=3)", "tomli-w (>=1.0.0)", "virtualenv (>=13.0.0)", "wheel (>=0.44.0)"]
type = ["importlib_metadata (>=7.0.2) ; python_version < \"3.10\"", "jaraco.develop (>=7.21) ; sys_platform != \"cygwin\"", "mypy (==1.14.*)", "pytest-mypy"]

[[package]]
name = "sniffio"
version = "1.3.1"
description = "Sniff out which async library your code is running under"
optional = false
python-versions = ">=3.7"
groups = ["main"]
files = [
    {file = "sniffio-1.3.1-py3-none-any.whl", hash = "sha256:2f6da418d1f1e0fddd844478f41680e794e6051915791a034ff65e5f100525a2"},
    {file = "sniffio-1.3.1.tar.gz", hash = "sha256:f4324edc670a0f49750a81b895f35c3adb843cca46f0530f79fc1babb23789dc"},
]

[[package]]
name = "starlette"
version = "0.50.0"
description = "The little ASGI library that shines."
optional = false
python-versions = ">=3.10"
groups = ["main"]
files = [
    {file = "starlette-0.50.0-py3-none-any.whl", hash = "sha256:9e5391843ec9b6e472eed1365a78c8098cfceb7a74bfd4d6b1c0c0095efb3bca"},
    {file = "starlette-0.50.0.tar.gz", hash = "sha256:a2a17b22203254bcbc2e1f926d2d55f3f9497f769416b3190768befe598fa3ca"},
]

[package.dependencies]
anyio = ">=3.6.2,<5"
typing-extensions = {version = ">=4.10.0", markers = "python_version < \"3.13\""}

[package.extras]
full = ["httpx (>=0.27.0,<0.29.0)", "itsdangerous", "jinja2", "python-multipart (>=0.0.18)", "pyyaml"]

[[package]]
name = "stdlib-list"
version = "0.10.0"
description = "A list of Python Standard Libraries (2.7 through 3.12)."
optional = false
python-versions = ">=3.7"
groups = ["dev"]
files = [
    {file = "stdlib_list-0.10.0-py3-none-any.whl", hash = "sha256:b3a911bc441d03e0332dd1a9e7d0870ba3bb0a542a74d7524f54fb431256e214"},
    {file = "stdlib_list-0.10.0.tar.gz", hash = "sha256:6519c50d645513ed287657bfe856d527f277331540691ddeaf77b25459964a14"},
]

[package.extras]
dev = ["build", "stdlib-list[doc,lint,test]"]
doc = ["furo", "sphinx"]
lint = ["black", "mypy", "ruff"]
support = ["sphobjinv"]
test = ["coverage[toml]", "pytest", "pytest-cov"]

[[package]]
name = "tokenize-rt"
version = "6.1.0"
description = "A wrapper around the stdlib `tokenize` which roundtrips."
optional = false
python-versions = ">=3.9"
groups = ["dev"]
files = [
    {file = "tokenize_rt-6.1.0-py2.py3-none-any.whl", hash = "sha256:d706141cdec4aa5f358945abe36b911b8cbdc844545da99e811250c0cee9b6fc"},
    {file = "tokenize_rt-6.1.0.tar.gz", hash = "sha256:e8ee836616c0877ab7c7b54776d2fefcc3bde714449a206762425ae114b53c86"},
]

[[package]]
name = "tomli"
version = "2.0.1"
description = "A lil' TOML parser"
optional = false
python-versions = ">=3.7"
groups = ["dev"]
markers = "python_version == \"3.10\""
files = [
    {file = "tomli-2.0.1-py3-none-any.whl", hash = "sha256:939de3e7a6161af0c887ef91b7d41a53e7c5a1ca976325f429cb46ea9bc30ecc"},
    {file = "tomli-2.0.1.tar.gz", hash = "sha256:de526c12914f0c550d15924c62d72abc48d6fe7364aa87328337a31007fe8a4f"},
]

[[package]]
name = "typing-extensions"
version = "4.12.1"
description = "Backported and Experimental Type Hints for Python 3.8+"
optional = false
python-versions = ">=3.8"
groups = ["main", "dev"]
files = [
    {file = "typing_extensions-4.12.1-py3-none-any.whl", hash = "sha256:6024b58b69089e5a89c347397254e35f1bf02a907728ec7fee9bf0fe837d203a"},
    {file = "typing_extensions-4.12.1.tar.gz", hash = "sha256:915f5e35ff76f56588223f15fdd5938f9a1cf9195c0de25130c627e4d597f6d1"},
]
markers = {main = "python_version < \"3.13\""}

[metadata]
lock-version = "2.1"
python-versions = "^3.10"
content-hash = "31be99a69c926912cd36fbff24b6a7f964e13234eb406f7d6450adbf72636e3d"
